
Microsoft Visual Studio Solution File, Format Version 12.00
# Visual Studio 15
VisualStudioVersion = 15.0.33919.361
MinimumVisualStudioVersion = 10.0.40219.1
Project("{E24C65DC-7377-472B-9ABA-BC803B73C61A}") = "Print Selective Div", "Print Selective Div\", "{DF80E970-58BC-4C58-8EBD-7E9E39C1D22D}"
	ProjectSection(WebsiteProperties) = preProject
		TargetFrameworkMoniker = ".NETFramework,Version%3Dv4.6.1"
		Debug.AspNetCompiler.VirtualPath = "/localhost_52271"
		Debug.AspNetCompiler.PhysicalPath = "Print Selective Div\"
		Debug.AspNetCompiler.TargetPath = "PrecompiledWeb\localhost_52271\"
		Debug.AspNetCompiler.Updateable = "true"
		Debug.AspNetCompiler.ForceOverwrite = "true"
		Debug.AspNetCompiler.FixedNames = "false"
		Debug.AspNetCompiler.Debug = "True"
		Release.AspNetCompiler.VirtualPath = "/localhost_52271"
		Release.AspNetCompiler.PhysicalPath = "Print Selective Div\"
		Release.AspNetCompiler.TargetPath = "PrecompiledWeb\localhost_52271\"
		Release.AspNetCompiler.Updateable = "true"
		Release.AspNetCompiler.ForceOverwrite = "true"
		Release.AspNetCompiler.FixedNames = "false"
		Release.AspNetCompiler.Debug = "False"
		VWDPort = "52271"
		SlnRelativePath = "Print Selective Div\"
		DefaultWebSiteLanguage = "Visual C#"
	EndProjectSection
EndProject
Global
	GlobalSection(SolutionConfigurationPlatforms) = preSolution
		Debug|Any CPU = Debug|Any CPU
	EndGlobalSection
	GlobalSection(ProjectConfigurationPlatforms) = postSolution
		{DF80E970-58BC-4C58-8EBD-7E9E39C1D22D}.Debug|Any CPU.ActiveCfg = Debug|Any CPU
		{DF80E970-58BC-4C58-8EBD-7E9E39C1D22D}.Debug|Any CPU.Build.0 = Debug|Any CPU
	EndGlobalSection
	GlobalSection(SolutionProperties) = preSolution
		HideSolutionNode = FALSE
	EndGlobalSection
	GlobalSection(ExtensibilityGlobals) = postSolution
		SolutionGuid = {A714535D-7C70-4077-8B67-C76463C5D097}
	EndGlobalSection
EndGlobal
